{
  "object": {
    "pins": [
      {
        "package": "APIClient",
        "repositoryURL": "https://github.com/iOS-App-Development/APIClient.git",
        "state": {
          "branch": "master",
          "revision": "0546a08c9cd68c32b49df67ead6a7e6d16b41760",
          "version": null
        }
      },
      {
        "package": "SharedModule",
        "repositoryURL": "https://github.com/iOS-App-Development/SharedModule.git",
        "state": {
          "branch": "master",
          "revision": "88266ef81eee65af2ef384a7493963290a54bde5",
          "version": null
        }
      }
    ]
  },
  "version": 1
}
