{
  "object": {
    "pins": [
      {
        "package": "APIClient",
        "repositoryURL": "https://github.com/iOS-App-Development/APIClient.git",
        "state": {
          "branch": "master",
          "revision": "aa08313623f0a6c15489ec396163f112d3f72d3b",
          "version": null
        }
      },
      {
        "package": "SharedModule",
        "repositoryURL": "https://github.com/iOS-App-Development/SharedModule.git",
        "state": {
          "branch": "master",
          "revision": "6e5171bb499604275a28324ad1fbb8954bd3d9b8",
          "version": null
        }
      }
    ]
  },
  "version": 1
}
